
Microsoft Visual Studio Solution File, Format Version 12.00
# Visual Studio Version 17
VisualStudioVersion = 17.5.33530.505
MinimumVisualStudioVersion = 10.0.40219.1
Project("{FAE04EC0-301F-11D3-BF4B-00C04F79EFBC}") = "CrudOpeartionInNetCore", "CrudOpeartionInNetCore\CrudOpeartionInNetCore.csproj", "{D34FB161-16B8-47F0-8245-C833B8AEBFCD}"
EndProject
Global
	GlobalSection(SolutionConfigurationPlatforms) = preSolution
		Debug|Any CPU = Debug|Any CPU
		Release|Any CPU = Release|Any CPU
	EndGlobalSection
	GlobalSection(ProjectConfigurationPlatforms) = postSolution
		{D34FB161-16B8-47F0-8245-C833B8AEBFCD}.Debug|Any CPU.ActiveCfg = Debug|Any CPU
		{D34FB161-16B8-47F0-8245-C833B8AEBFCD}.Debug|Any CPU.Build.0 = Debug|Any CPU
		{D34FB161-16B8-47F0-8245-C833B8AEBFCD}.Release|Any CPU.ActiveCfg = Release|Any CPU
		{D34FB161-16B8-47F0-8245-C833B8AEBFCD}.Release|Any CPU.Build.0 = Release|Any CPU
	EndGlobalSection
	GlobalSection(SolutionProperties) = preSolution
		HideSolutionNode = FALSE
	EndGlobalSection
	GlobalSection(ExtensibilityGlobals) = postSolution
		SolutionGuid = {9BAFA627-90BE-4DB8-AE42-55176C36D832}
	EndGlobalSection
EndGlobal
